
Microsoft Visual Studio Solution File, Format Version 12.00
# Visual Studio Version 17
VisualStudioVersion = 17.8.34309.116
MinimumVisualStudioVersion = 10.0.40219.1
Project("{FAE04EC0-301F-11D3-BF4B-00C04F79EFBC}") = "StockViewer", "StockViewer\StockViewer.csproj", "{4E1379ED-F361-41DD-AE5D-B85CF3A8F47C}"
EndProject
Global
	GlobalSection(SolutionConfigurationPlatforms) = preSolution
		Debug|Any CPU = Debug|Any CPU
		Release|Any CPU = Release|Any CPU
	EndGlobalSection
	GlobalSection(ProjectConfigurationPlatforms) = postSolution
		{4E1379ED-F361-41DD-AE5D-B85CF3A8F47C}.Debug|Any CPU.ActiveCfg = Debug|Any CPU
		{4E1379ED-F361-41DD-AE5D-B85CF3A8F47C}.Debug|Any CPU.Build.0 = Debug|Any CPU
		{4E1379ED-F361-41DD-AE5D-B85CF3A8F47C}.Release|Any CPU.ActiveCfg = Release|Any CPU
		{4E1379ED-F361-41DD-AE5D-B85CF3A8F47C}.Release|Any CPU.Build.0 = Release|Any CPU
	EndGlobalSection
	GlobalSection(SolutionProperties) = preSolution
		HideSolutionNode = FALSE
	EndGlobalSection
	GlobalSection(ExtensibilityGlobals) = postSolution
		SolutionGuid = {87A09F47-C7DF-43DA-9EC9-C765A2005292}
	EndGlobalSection
EndGlobal
